
Microsoft Visual Studio Solution File, Format Version 12.00
# Visual Studio Version 17
VisualStudioVersion = 17.9.34723.18
MinimumVisualStudioVersion = 10.0.40219.1
Project("{FAE04EC0-301F-11D3-BF4B-00C04F79EFBC}") = "hmzBackEnd", "hmzBackEnd\hmzBackEnd.csproj", "{B86B27E9-B897-4426-A618-C84D6C8000FC}"
EndProject
Global
	GlobalSection(SolutionConfigurationPlatforms) = preSolution
		Debug|Any CPU = Debug|Any CPU
		Release|Any CPU = Release|Any CPU
	EndGlobalSection
	GlobalSection(ProjectConfigurationPlatforms) = postSolution
		{B86B27E9-B897-4426-A618-C84D6C8000FC}.Debug|Any CPU.ActiveCfg = Debug|Any CPU
		{B86B27E9-B897-4426-A618-C84D6C8000FC}.Debug|Any CPU.Build.0 = Debug|Any CPU
		{B86B27E9-B897-4426-A618-C84D6C8000FC}.Release|Any CPU.ActiveCfg = Release|Any CPU
		{B86B27E9-B897-4426-A618-C84D6C8000FC}.Release|Any CPU.Build.0 = Release|Any CPU
	EndGlobalSection
	GlobalSection(SolutionProperties) = preSolution
		HideSolutionNode = FALSE
	EndGlobalSection
	GlobalSection(ExtensibilityGlobals) = postSolution
		SolutionGuid = {BE9EDB4C-FE75-4A08-B061-EEB9AD5D1391}
	EndGlobalSection
EndGlobal
